# THIS IS AN AUTOGENERATED FILE. DO NOT EDIT THIS FILE DIRECTLY.
# yarn lockfile v1


"@bazel/typescript@^2.0.0":
  version "2.0.0"
  resolved "https://registry.yarnpkg.com/@bazel/typescript/-/typescript-2.0.0.tgz#2ff5615f09c733cc681ba2ada92b11c356b694cd"
  integrity sha512-5FPkxULWIjAKLG5J1XvpXpY1/4IK39dAoWA/Hhg+16gXTES32fT8w42k96pb6BTaNnyBuYgIHBpELEAJ40OOAQ==
  dependencies:
    protobufjs "6.8.8"
    semver "5.6.0"
    source-map-support "0.5.9"
    tsutils "2.27.2"

"@bazel/worker@^2.0.0":
  version "2.0.0"
  resolved "https://registry.yarnpkg.com/@bazel/worker/-/worker-2.0.0.tgz#904de1708198b68cf90f088b43d1a7eb0a9cc252"
  integrity sha512-YKlEbKOZ51QIngN5FKZAsT9xRoZfeQGsb1ZDUqn8G7GnfzMuqlqzKEXFU8D3RwEO5rwJ8d7zhYqEKBjA9XfA8Q==
  dependencies:
    protobufjs "6.8.8"

"@protobufjs/aspromise@^1.1.1", "@protobufjs/aspromise@^1.1.2":
  version "1.1.2"
  resolved "https://registry.yarnpkg.com/@protobufjs/aspromise/-/aspromise-1.1.2.tgz#9b8b0cc663d669a7d8f6f5d0893a14d348f30fbf"
  integrity sha1-m4sMxmPWaafY9vXQiToU00jzD78=

"@protobufjs/base64@^1.1.2":
  version "1.1.2"
  resolved "https://registry.yarnpkg.com/@protobufjs/base64/-/base64-1.1.2.tgz#4c85730e59b9a1f1f349047dbf24296034bb2735"
  integrity sha512-AZkcAA5vnN/v4PDqKyMR5lx7hZttPDgClv83E//FMNhR2TMcLUhfRUBHCmSl0oi9zMgDDqRUJkSxO3wm85+XLg==

"@protobufjs/codegen@^2.0.4":
  version "2.0.4"
  resolved "https://registry.yarnpkg.com/@protobufjs/codegen/-/codegen-2.0.4.tgz#7ef37f0d010fb028ad1ad59722e506d9262815cb"
  integrity sha512-YyFaikqM5sH0ziFZCN3xDC7zeGaB/d0IUb9CATugHWbd1FRFwWwt4ld4OYMPWu5a3Xe01mGAULCdqhMlPl29Jg==

"@protobufjs/eventemitter@^1.1.0":
  version "1.1.0"
  resolved "https://registry.yarnpkg.com/@protobufjs/eventemitter/-/eventemitter-1.1.0.tgz#355cbc98bafad5978f9ed095f397621f1d066b70"
  integrity sha1-NVy8mLr61ZePntCV85diHx0Ga3A=

"@protobufjs/fetch@^1.1.0":
  version "1.1.0"
  resolved "https://registry.yarnpkg.com/@protobufjs/fetch/-/fetch-1.1.0.tgz#ba99fb598614af65700c1619ff06d454b0d84c45"
  integrity sha1-upn7WYYUr2VwDBYZ/wbUVLDYTEU=
  dependencies:
    "@protobufjs/aspromise" "^1.1.1"
    "@protobufjs/inquire" "^1.1.0"

"@protobufjs/float@^1.0.2":
  version "1.0.2"
  resolved "https://registry.yarnpkg.com/@protobufjs/float/-/float-1.0.2.tgz#5e9e1abdcb73fc0a7cb8b291df78c8cbd97b87d1"
  integrity sha1-Xp4avctz/Ap8uLKR33jIy9l7h9E=

"@protobufjs/inquire@^1.1.0":
  version "1.1.0"
  resolved "https://registry.yarnpkg.com/@protobufjs/inquire/-/inquire-1.1.0.tgz#ff200e3e7cf2429e2dcafc1140828e8cc638f089"
  integrity sha1-/yAOPnzyQp4tyvwRQIKOjMY48Ik=

"@protobufjs/path@^1.1.2":
  version "1.1.2"
  resolved "https://registry.yarnpkg.com/@protobufjs/path/-/path-1.1.2.tgz#6cc2b20c5c9ad6ad0dccfd21ca7673d8d7fbf68d"
  integrity sha1-bMKyDFya1q0NzP0hynZz2Nf79o0=

"@protobufjs/pool@^1.1.0":
  version "1.1.0"
  resolved "https://registry.yarnpkg.com/@protobufjs/pool/-/pool-1.1.0.tgz#09fd15f2d6d3abfa9b65bc366506d6ad7846ff54"
  integrity sha1-Cf0V8tbTq/qbZbw2ZQbWrXhG/1Q=

"@protobufjs/utf8@^1.1.0":
  version "1.1.0"
  resolved "https://registry.yarnpkg.com/@protobufjs/utf8/-/utf8-1.1.0.tgz#a777360b5b39a1a2e5106f8e858f2fd2d060c570"
  integrity sha1-p3c2C1s5oaLlEG+OhY8v0tBgxXA=

"@types/long@^4.0.0":
  version "4.0.0"
  resolved "https://registry.yarnpkg.com/@types/long/-/long-4.0.0.tgz#719551d2352d301ac8b81db732acb6bdc28dbdef"
  integrity sha512-1w52Nyx4Gq47uuu0EVcsHBxZFJgurQ+rTKS3qMHxR1GY2T8c2AJYd6vZoZ9q1rupaDjU0yT+Jc2XTyXkjeMA+Q==

"@types/node@^10.1.0":
  version "10.17.5"
  resolved "https://registry.yarnpkg.com/@types/node/-/node-10.17.5.tgz#c1920150f7b90708a7d0f3add12a06bc9123c055"
  integrity sha512-RElZIr/7JreF1eY6oD5RF3kpmdcreuQPjg5ri4oQ5g9sq7YWU8HkfB3eH8GwAwxf5OaCh0VPi7r4N/yoTGelrA==

"@types/node@^12.12.7":
  version "12.12.7"
  resolved "https://registry.yarnpkg.com/@types/node/-/node-12.12.7.tgz#01e4ea724d9e3bd50d90c11fd5980ba317d8fa11"
  integrity sha512-E6Zn0rffhgd130zbCbAr/JdXfXkoOUFAKNs/rF8qnafSJ8KYaA/j3oz7dcwal+lYjLA7xvdd5J4wdYpCTlP8+w==

ansi-styles@^3.2.1:
  version "3.2.1"
  resolved "https://registry.yarnpkg.com/ansi-styles/-/ansi-styles-3.2.1.tgz#41fbb20243e50b12be0f04b8dedbf07520ce841d"
  integrity sha512-VT0ZI6kZRdTh8YyJw3SMbYm/u+NqfsAxEpWO0Pf9sq8/e94WxxOpPKx9FR1FlyCtOVDNOQ+8ntlqFxiRc+r5qA==
  dependencies:
    color-convert "^1.9.0"

autoprefixer@9.4.3:
  version "9.4.3"
  resolved "https://registry.yarnpkg.com/autoprefixer/-/autoprefixer-9.4.3.tgz#c97384a8fd80477b78049163a91bbc725d9c41d9"
  integrity sha512-/XSnzDepRkAU//xLcXA/lUWxpsBuw0WiriAHOqnxkuCtzLhaz+fL4it4gp20BQ8n5SyLzK/FOc7A0+u/rti2FQ==
  dependencies:
    browserslist "^4.3.6"
    caniuse-lite "^1.0.30000921"
    normalize-range "^0.1.2"
    num2fraction "^1.2.2"
    postcss "^7.0.6"
    postcss-value-parser "^3.3.1"

browserslist@^4.3.6:
  version "4.7.0"
  resolved "https://registry.yarnpkg.com/browserslist/-/browserslist-4.7.0.tgz#9ee89225ffc07db03409f2fee524dc8227458a17"
  integrity sha512-9rGNDtnj+HaahxiVV38Gn8n8Lr8REKsel68v1sPFfIGEK6uSXTY3h9acgiT1dZVtOOUtifo/Dn8daDQ5dUgVsA==
  dependencies:
    caniuse-lite "^1.0.30000989"
    electron-to-chromium "^1.3.247"
    node-releases "^1.1.29"

buffer-from@^1.0.0:
  version "1.1.1"
  resolved "https://registry.yarnpkg.com/buffer-from/-/buffer-from-1.1.1.tgz#32713bc028f75c02fdb710d7c7bcec1f2c6070ef"
  integrity sha512-MQcXEUbCKtEo7bhqEs6560Hyd4XaovZlO/k9V3hjVUF/zwW7KBVdSK4gIt/bzwS9MbR5qob+F5jusZsb0YQK2A==

caniuse-lite@^1.0.30000921, caniuse-lite@^1.0.30000989:
  version "1.0.30000999"
  resolved "https://registry.yarnpkg.com/caniuse-lite/-/caniuse-lite-1.0.30000999.tgz#427253a69ad7bea4aa8d8345687b8eec51ca0e43"
  integrity sha512-1CUyKyecPeksKwXZvYw0tEoaMCo/RwBlXmEtN5vVnabvO0KPd9RQLcaAuR9/1F+KDMv6esmOFWlsXuzDk+8rxg==

chalk@^2.3.0, chalk@^2.4.1, chalk@^2.4.2:
  version "2.4.2"
  resolved "https://registry.yarnpkg.com/chalk/-/chalk-2.4.2.tgz#cd42541677a54333cf541a49108c1432b44c9424"
  integrity sha512-Mti+f9lpJNcwF4tWV8/OrTTtF1gZi+f8FqlyAdouralcFWFQWF2+NgCHShjkCb+IFBLq9buZwE1xckQU4peSuQ==
  dependencies:
    ansi-styles "^3.2.1"
    escape-string-regexp "^1.0.5"
    supports-color "^5.3.0"

color-convert@^1.9.0:
  version "1.9.0"
  resolved "https://registry.yarnpkg.com/color-convert/-/color-convert-1.9.0.tgz#1accf97dd739b983bf994d56fec8f95853641b7a"
  dependencies:
    color-name "^1.1.1"

color-name@^1.1.1:
  version "1.1.3"
  resolved "https://registry.yarnpkg.com/color-name/-/color-name-1.1.3.tgz#a7d0558bd89c42f795dd42328f740831ca53bc25"

colors@~0.6.0-1:
  version "0.6.2"
  resolved "https://registry.yarnpkg.com/colors/-/colors-0.6.2.tgz#2423fe6678ac0c5dae8852e5d0e5be08c997abcc"
  integrity sha1-JCP+ZnisDF2uiFLl0OW+CMmXq8w=

commander@~2.1.0:
  version "2.1.0"
  resolved "https://registry.yarnpkg.com/commander/-/commander-2.1.0.tgz#d121bbae860d9992a3d517ba96f56588e47c6781"
  integrity sha1-0SG7roYNmZKj1Re6lvVliOR8Z4E=

electron-to-chromium@^1.3.247:
  version "1.3.280"
  resolved "https://registry.yarnpkg.com/electron-to-chromium/-/electron-to-chromium-1.3.280.tgz#5f8950c8329e3e11b59c705fd59b4b8d9b3de5b9"
  integrity sha512-qYWNMjKLEfQAWZF2Sarvo+ahigu0EArnpCFSoUuZJS3W5wIeVfeEvsgmT2mgIrieQkeQ0+xFmykK3nx2ezekPQ==

escape-string-regexp@^1.0.5:
  version "1.0.5"
  resolved "https://registry.yarnpkg.com/escape-string-regexp/-/escape-string-regexp-1.0.5.tgz#1b61c0562190a8dff6ae3bb2cf0200ca130b86d4"

findup@^0.1.5:
  version "0.1.5"
  resolved "https://registry.yarnpkg.com/findup/-/findup-0.1.5.tgz#8ad929a3393bac627957a7e5de4623b06b0e2ceb"
  integrity sha1-itkpozk7rGJ5V6fl3kYjsGsOLOs=
  dependencies:
    colors "~0.6.0-1"
    commander "~2.1.0"

has-flag@^3.0.0:
  version "3.0.0"
  resolved "https://registry.yarnpkg.com/has-flag/-/has-flag-3.0.0.tgz#b5d454dc2199ae225699f3467e5a07f3b955bafd"
  integrity sha1-tdRU3CGZriJWmfNGfloH87lVuv0=

long@^4.0.0:
  version "4.0.0"
  resolved "https://registry.yarnpkg.com/long/-/long-4.0.0.tgz#9a7b71cfb7d361a194ea555241c92f7468d5bf28"
  integrity sha512-XsP+KhQif4bjX1kbuSiySJFNAehNxgLb6hPRGJ9QsUr8ajHkuXGdrHmFUTUUXhDwVX2R5bY4JNZEwbUiMhV+MA==

minimist@0.0.8:
  version "0.0.8"
  resolved "https://registry.yarnpkg.com/minimist/-/minimist-0.0.8.tgz#857fcabfc3397d2625b8228262e86aa7a011b05d"
  integrity sha1-hX/Kv8M5fSYluCKCYuhqp6ARsF0=

minimist@1.2.3:
  version "1.2.3"
  resolved "https://registry.yarnpkg.com/minimist/-/minimist-1.2.3.tgz#3db5c0765545ab8637be71f333a104a965a9ca3f"
  integrity sha512-+bMdgqjMN/Z77a6NlY/I3U5LlRDbnmaAk6lDveAPKwSpcPM4tKAuYsvYF8xjhOPXhOYGe/73vVLVez5PW+jqhw==

mkdirp@^0.5.1:
  version "0.5.1"
  resolved "https://registry.yarnpkg.com/mkdirp/-/mkdirp-0.5.1.tgz#30057438eac6cf7f8c4767f38648d6697d75c903"
  integrity sha1-MAV0OOrGz3+MR2fzhkjWaX11yQM=
  dependencies:
    minimist "0.0.8"

node-releases@^1.1.29:
  version "1.1.35"
  resolved "https://registry.yarnpkg.com/node-releases/-/node-releases-1.1.35.tgz#32a74a3cd497aa77f23d509f483475fd160e4c48"
  integrity sha512-JGcM/wndCN/2elJlU0IGdVEJQQnJwsLbgPCFd2pY7V0mxf17bZ0Gb/lgOtL29ZQhvEX5shnVhxQyZz3ex94N8w==
  dependencies:
    semver "^6.3.0"

normalize-range@^0.1.2:
  version "0.1.2"
  resolved "https://registry.yarnpkg.com/normalize-range/-/normalize-range-0.1.2.tgz#2d10c06bdfd312ea9777695a4d28439456b75942"

num2fraction@^1.2.2:
  version "1.2.2"
  resolved "https://registry.yarnpkg.com/num2fraction/-/num2fraction-1.2.2.tgz#6f682b6a027a4e9ddfa4564cd2589d1d4e669ede"

postcss-value-parser@^3.3.1:
  version "3.3.1"
  resolved "https://registry.yarnpkg.com/postcss-value-parser/-/postcss-value-parser-3.3.1.tgz#9ff822547e2893213cf1c30efa51ac5fd1ba8281"
  integrity sha512-pISE66AbVkp4fDQ7VHBwRNXzAAKJjw4Vw7nWI/+Q3vuly7SNfgYXvm6i5IgFylHGK5sP/xHAbB7N49OS4gWNyQ==

postcss@^6.0.14:
  version "6.0.23"
  resolved "https://registry.yarnpkg.com/postcss/-/postcss-6.0.23.tgz#61c82cc328ac60e677645f979054eb98bc0e3324"
  integrity sha512-soOk1h6J3VMTZtVeVpv15/Hpdl2cBLX3CAw4TAbkpTJiNPk9YP/zWcD1ND+xEtvyuuvKzbxliTOIyvkSeSJ6ag==
  dependencies:
    chalk "^2.4.1"
    source-map "^0.6.1"
    supports-color "^5.4.0"

postcss@^7.0.6, postcss@^7.0.7:
  version "7.0.36"
  resolved "https://registry.yarnpkg.com/postcss/-/postcss-7.0.36.tgz#056f8cffa939662a8f5905950c07d5285644dfcb"
  integrity sha512-BebJSIUMwJHRH0HAQoxN4u1CN86glsrwsW0q7T+/m44eXOUAxSNdHRkNZPYz5vVUbg17hFgOQDE7fZk7li3pZw==
  dependencies:
    chalk "^2.4.2"
    source-map "^0.6.1"
    supports-color "^6.1.0"

protobufjs@6.8.8:
  version "6.8.8"
  resolved "https://registry.yarnpkg.com/protobufjs/-/protobufjs-6.8.8.tgz#c8b4f1282fd7a90e6f5b109ed11c84af82908e7c"
  integrity sha512-AAmHtD5pXgZfi7GMpllpO3q1Xw1OYldr+dMUlAnffGTAhqkg72WdmSY71uKBF/JuyiKs8psYbtKrhi0ASCD8qw==
  dependencies:
    "@protobufjs/aspromise" "^1.1.2"
    "@protobufjs/base64" "^1.1.2"
    "@protobufjs/codegen" "^2.0.4"
    "@protobufjs/eventemitter" "^1.1.0"
    "@protobufjs/fetch" "^1.1.0"
    "@protobufjs/float" "^1.0.2"
    "@protobufjs/inquire" "^1.1.0"
    "@protobufjs/path" "^1.1.2"
    "@protobufjs/pool" "^1.1.0"
    "@protobufjs/utf8" "^1.1.0"
    "@types/long" "^4.0.0"
    "@types/node" "^10.1.0"
    long "^4.0.0"

rtlcss@^2.4.0:
  version "2.4.0"
  resolved "https://registry.yarnpkg.com/rtlcss/-/rtlcss-2.4.0.tgz#482ea28f2b9fe06dd0ab3057997be9af13da84c1"
  integrity sha512-hdjFhZ5FCI0ABOfyXOMOhBtwPWtANLCG7rOiOcRf+yi5eDdxmDjqBruWouEnwVdzfh/TWF6NNncIEsigOCFZOA==
  dependencies:
    chalk "^2.3.0"
    findup "^0.1.5"
    mkdirp "^0.5.1"
    postcss "^6.0.14"
    strip-json-comments "^2.0.0"

semver@5.6.0:
  version "5.6.0"
  resolved "https://registry.yarnpkg.com/semver/-/semver-5.6.0.tgz#7e74256fbaa49c75aa7c7a205cc22799cac80004"
  integrity sha512-RS9R6R35NYgQn++fkDWaOmqGoj4Ek9gGs+DPxNUZKuwE183xjJroKvyo1IzVFeXvUrvmALy6FWD5xrdJT25gMg==

semver@^6.3.0:
  version "6.3.0"
  resolved "https://registry.yarnpkg.com/semver/-/semver-6.3.0.tgz#ee0a64c8af5e8ceea67687b133761e1becbd1d3d"
  integrity sha512-b39TBaTSfV6yBrapU89p5fKekE2m/NwnDocOVruQFS1/veMgdzuPcnOM34M6CwxW8jH/lxEa5rBoDeUwu5HHTw==

source-map-support@0.5.9:
  version "0.5.9"
  resolved "https://registry.yarnpkg.com/source-map-support/-/source-map-support-0.5.9.tgz#41bc953b2534267ea2d605bccfa7bfa3111ced5f"
  integrity sha512-gR6Rw4MvUlYy83vP0vxoVNzM6t8MUXqNuRsuBmBHQDu1Fh6X015FrLdgoDKcNdkwGubozq0P4N0Q37UyFVr1EA==
  dependencies:
    buffer-from "^1.0.0"
    source-map "^0.6.0"

source-map@^0.6.0, source-map@^0.6.1:
  version "0.6.1"
  resolved "https://registry.yarnpkg.com/source-map/-/source-map-0.6.1.tgz#74722af32e9614e9c287a8d0bbde48b5e2f1a263"
  integrity sha512-UjgapumWlbMhkBgzT7Ykc5YXUT46F0iKu8SGXq0bcwP5dz/h0Plj6enJqjz1Zbq2l5WaqYnrVbwWOWMyF3F47g==

strip-json-comments@^2.0.0:
  version "2.0.1"
  resolved "https://registry.yarnpkg.com/strip-json-comments/-/strip-json-comments-2.0.1.tgz#3c531942e908c2697c0ec344858c286c7ca0a60a"
  integrity sha1-PFMZQukIwml8DsNEhYwobHygpgo=

supports-color@^5.3.0, supports-color@^5.4.0:
  version "5.5.0"
  resolved "https://registry.yarnpkg.com/supports-color/-/supports-color-5.5.0.tgz#e2e69a44ac8772f78a1ec0b35b689df6530efc8f"
  integrity sha512-QjVjwdXIt408MIiAqCX4oUKsgU2EqAGzs2Ppkm4aQYbjm+ZEWEcW4SfFNTr4uMNZma0ey4f5lgLrkB0aX0QMow==
  dependencies:
    has-flag "^3.0.0"

supports-color@^6.1.0:
  version "6.1.0"
  resolved "https://registry.yarnpkg.com/supports-color/-/supports-color-6.1.0.tgz#0764abc69c63d5ac842dd4867e8d025e880df8f3"
  integrity sha512-qe1jfm1Mg7Nq/NSh6XE24gPXROEVsWHxC1LIx//XNlD9iw7YZQGjZNjYN7xGaEG6iKdA8EtNFW6R0gjnVXp+wQ==
  dependencies:
    has-flag "^3.0.0"

tslib@^1.8.1:
  version "1.10.0"
  resolved "https://registry.yarnpkg.com/tslib/-/tslib-1.10.0.tgz#c3c19f95973fb0a62973fb09d90d961ee43e5c8a"
  integrity sha512-qOebF53frne81cf0S9B41ByenJ3/IuH8yJKngAX35CmiZySA0khhkovshKK+jGCaMnVomla7gVlIcc3EvKPbTQ==

tsutils@2.27.2:
  version "2.27.2"
  resolved "https://registry.yarnpkg.com/tsutils/-/tsutils-2.27.2.tgz#60ba88a23d6f785ec4b89c6e8179cac9b431f1c7"
  integrity sha512-qf6rmT84TFMuxAKez2pIfR8UCai49iQsfB7YWVjV1bKpy/d0PWT5rEOSM6La9PiHZ0k1RRZQiwVdVJfQ3BPHgg==
  dependencies:
    tslib "^1.8.1"

typescript@^3.7.2:
  version "3.7.2"
  resolved "https://registry.yarnpkg.com/typescript/-/typescript-3.7.2.tgz#27e489b95fa5909445e9fef5ee48d81697ad18fb"
  integrity sha512-ml7V7JfiN2Xwvcer+XAf2csGO1bPBdRbFCkYBczNZggrBZ9c7G3riSUeJmqEU5uOtXNPMhE3n+R4FA/3YOAWOQ==
